
Microsoft Visual Studio Solution File, Format Version 12.00
# Visual Studio Version 17
VisualStudioVersion = 17.11.35431.28
MinimumVisualStudioVersion = 10.0.40219.1
Project("{9A19103F-16F7-4668-BE54-9A1E7A4F7556}") = "Core.Persistence", "Core.Persistence\Core.Persistence.csproj", "{545BDE58-ACEA-4253-A075-5843E608F78E}"
EndProject
Project("{FAE04EC0-301F-11D3-BF4B-00C04F79EFBC}") = "Core.Application", "Core.Application\Core.Application.csproj", "{637AAF76-8AAE-483F-B19C-379BD9EBA750}"
EndProject
Global
	GlobalSection(SolutionConfigurationPlatforms) = preSolution
		Debug|Any CPU = Debug|Any CPU
		Release|Any CPU = Release|Any CPU
	EndGlobalSection
	GlobalSection(ProjectConfigurationPlatforms) = postSolution
		{545BDE58-ACEA-4253-A075-5843E608F78E}.Debug|Any CPU.ActiveCfg = Debug|Any CPU
		{545BDE58-ACEA-4253-A075-5843E608F78E}.Debug|Any CPU.Build.0 = Debug|Any CPU
		{545BDE58-ACEA-4253-A075-5843E608F78E}.Release|Any CPU.ActiveCfg = Release|Any CPU
		{545BDE58-ACEA-4253-A075-5843E608F78E}.Release|Any CPU.Build.0 = Release|Any CPU
		{637AAF76-8AAE-483F-B19C-379BD9EBA750}.Debug|Any CPU.ActiveCfg = Debug|Any CPU
		{637AAF76-8AAE-483F-B19C-379BD9EBA750}.Debug|Any CPU.Build.0 = Debug|Any CPU
		{637AAF76-8AAE-483F-B19C-379BD9EBA750}.Release|Any CPU.ActiveCfg = Release|Any CPU
		{637AAF76-8AAE-483F-B19C-379BD9EBA750}.Release|Any CPU.Build.0 = Release|Any CPU
	EndGlobalSection
	GlobalSection(SolutionProperties) = preSolution
		HideSolutionNode = FALSE
	EndGlobalSection
	GlobalSection(ExtensibilityGlobals) = postSolution
		SolutionGuid = {5DA1EF6D-B416-440E-949D-16AA65F8372F}
	EndGlobalSection
EndGlobal
